
Microsoft Visual Studio Solution File, Format Version 12.00
# Visual Studio Version 17
VisualStudioVersion = 17.5.33103.201
MinimumVisualStudioVersion = 10.0.40219.1
Project("{9A19103F-16F7-4668-BE54-9A1E7A4F7556}") = "Dio.Hospedagem", "Dio.Hospedagem.csproj", "{C3EAB06A-2B3E-4E53-A30C-88BFCCE47E44}"
EndProject
Global
	GlobalSection(SolutionConfigurationPlatforms) = preSolution
		Debug|Any CPU = Debug|Any CPU
		Release|Any CPU = Release|Any CPU
	EndGlobalSection
	GlobalSection(ProjectConfigurationPlatforms) = postSolution
		{C3EAB06A-2B3E-4E53-A30C-88BFCCE47E44}.Debug|Any CPU.ActiveCfg = Debug|Any CPU
		{C3EAB06A-2B3E-4E53-A30C-88BFCCE47E44}.Debug|Any CPU.Build.0 = Debug|Any CPU
		{C3EAB06A-2B3E-4E53-A30C-88BFCCE47E44}.Release|Any CPU.ActiveCfg = Release|Any CPU
		{C3EAB06A-2B3E-4E53-A30C-88BFCCE47E44}.Release|Any CPU.Build.0 = Release|Any CPU
	EndGlobalSection
	GlobalSection(SolutionProperties) = preSolution
		HideSolutionNode = FALSE
	EndGlobalSection
	GlobalSection(ExtensibilityGlobals) = postSolution
		SolutionGuid = {145585F1-4DF5-4F17-8E51-9C3375E1B5B3}
	EndGlobalSection
EndGlobal
