
Microsoft Visual Studio Solution File, Format Version 12.00
# Visual Studio Version 17
VisualStudioVersion = 17.5.33103.201
MinimumVisualStudioVersion = 10.0.40219.1
Project("{9A19103F-16F7-4668-BE54-9A1E7A4F7556}") = "Phone.Interface.App", "Phone.Interface.App\Phone.Interface.App.csproj", "{257CF1E7-0D0E-4541-868E-9F2C49D3C020}"
EndProject
Project("{9A19103F-16F7-4668-BE54-9A1E7A4F7556}") = "Phone.Core", "Phone.Core\Phone.Core.csproj", "{7D4C1E33-C55E-46A8-941E-E8424E6D4100}"
EndProject
Project("{FAE04EC0-301F-11D3-BF4B-00C04F79EFBC}") = "Phone.Test.Unit", "Phone.Test\Phone.Test.Unit\Phone.Test.Unit.csproj", "{BA9999AF-4EC0-4341-9E5D-F39F50F96C58}"
EndProject
Global
	GlobalSection(SolutionConfigurationPlatforms) = preSolution
		Debug|Any CPU = Debug|Any CPU
		Release|Any CPU = Release|Any CPU
	EndGlobalSection
	GlobalSection(ProjectConfigurationPlatforms) = postSolution
		{257CF1E7-0D0E-4541-868E-9F2C49D3C020}.Debug|Any CPU.ActiveCfg = Debug|Any CPU
		{257CF1E7-0D0E-4541-868E-9F2C49D3C020}.Debug|Any CPU.Build.0 = Debug|Any CPU
		{257CF1E7-0D0E-4541-868E-9F2C49D3C020}.Release|Any CPU.ActiveCfg = Release|Any CPU
		{257CF1E7-0D0E-4541-868E-9F2C49D3C020}.Release|Any CPU.Build.0 = Release|Any CPU
		{7D4C1E33-C55E-46A8-941E-E8424E6D4100}.Debug|Any CPU.ActiveCfg = Debug|Any CPU
		{7D4C1E33-C55E-46A8-941E-E8424E6D4100}.Debug|Any CPU.Build.0 = Debug|Any CPU
		{7D4C1E33-C55E-46A8-941E-E8424E6D4100}.Release|Any CPU.ActiveCfg = Release|Any CPU
		{7D4C1E33-C55E-46A8-941E-E8424E6D4100}.Release|Any CPU.Build.0 = Release|Any CPU
		{BA9999AF-4EC0-4341-9E5D-F39F50F96C58}.Debug|Any CPU.ActiveCfg = Debug|Any CPU
		{BA9999AF-4EC0-4341-9E5D-F39F50F96C58}.Debug|Any CPU.Build.0 = Debug|Any CPU
		{BA9999AF-4EC0-4341-9E5D-F39F50F96C58}.Release|Any CPU.ActiveCfg = Release|Any CPU
		{BA9999AF-4EC0-4341-9E5D-F39F50F96C58}.Release|Any CPU.Build.0 = Release|Any CPU
	EndGlobalSection
	GlobalSection(SolutionProperties) = preSolution
		HideSolutionNode = FALSE
	EndGlobalSection
	GlobalSection(ExtensibilityGlobals) = postSolution
		SolutionGuid = {D132A202-ABF7-4BDA-8108-5A8DC73F9315}
	EndGlobalSection
EndGlobal
